
Microsoft Visual Studio Solution File, Format Version 12.00
# Visual Studio Version 16
VisualStudioVersion = 16.0.31112.23
MinimumVisualStudioVersion = 10.0.40219.1
Project("{FAE04EC0-301F-11D3-BF4B-00C04F79EFBC}") = "MerkleTrees.Core", "MerkleTrees.Core\MerkleTrees.Core.csproj", "{BEB61426-2615-42C5-98CD-D7C04689769E}"
EndProject
Project("{FAE04EC0-301F-11D3-BF4B-00C04F79EFBC}") = "MerkleTrees.Tests", "MerkleTrees.Tests\MerkleTrees.Tests.csproj", "{8705F37B-C086-4173-A318-A99FB9AA7FDE}"
EndProject
Project("{FAE04EC0-301F-11D3-BF4B-00C04F79EFBC}") = "MerkleTrees.Web", "MerkleTrees.Web\MerkleTrees.Web.csproj", "{3508E254-CBDE-4408-9341-908AF220D2EE}"
EndProject
Global
	GlobalSection(SolutionConfigurationPlatforms) = preSolution
		Debug|Any CPU = Debug|Any CPU
		Release|Any CPU = Release|Any CPU
	EndGlobalSection
	GlobalSection(ProjectConfigurationPlatforms) = postSolution
		{BEB61426-2615-42C5-98CD-D7C04689769E}.Debug|Any CPU.ActiveCfg = Debug|Any CPU
		{BEB61426-2615-42C5-98CD-D7C04689769E}.Debug|Any CPU.Build.0 = Debug|Any CPU
		{BEB61426-2615-42C5-98CD-D7C04689769E}.Release|Any CPU.ActiveCfg = Release|Any CPU
		{BEB61426-2615-42C5-98CD-D7C04689769E}.Release|Any CPU.Build.0 = Release|Any CPU
		{8705F37B-C086-4173-A318-A99FB9AA7FDE}.Debug|Any CPU.ActiveCfg = Debug|Any CPU
		{8705F37B-C086-4173-A318-A99FB9AA7FDE}.Debug|Any CPU.Build.0 = Debug|Any CPU
		{8705F37B-C086-4173-A318-A99FB9AA7FDE}.Release|Any CPU.ActiveCfg = Release|Any CPU
		{8705F37B-C086-4173-A318-A99FB9AA7FDE}.Release|Any CPU.Build.0 = Release|Any CPU
		{3508E254-CBDE-4408-9341-908AF220D2EE}.Debug|Any CPU.ActiveCfg = Debug|Any CPU
		{3508E254-CBDE-4408-9341-908AF220D2EE}.Debug|Any CPU.Build.0 = Debug|Any CPU
		{3508E254-CBDE-4408-9341-908AF220D2EE}.Release|Any CPU.ActiveCfg = Release|Any CPU
		{3508E254-CBDE-4408-9341-908AF220D2EE}.Release|Any CPU.Build.0 = Release|Any CPU
	EndGlobalSection
	GlobalSection(SolutionProperties) = preSolution
		HideSolutionNode = FALSE
	EndGlobalSection
	GlobalSection(ExtensibilityGlobals) = postSolution
		SolutionGuid = {607003B0-F407-42E1-9726-D591F275CC62}
	EndGlobalSection
EndGlobal
